{
  "name": "broadlink-server",
  "version": "1.0.0",
  "lockfileVersion": 1,
  "requires": true,
  "dependencies": {
    "@types/node": {
      "version": "7.10.3",
      "resolved": "https://registry.npmjs.org/@types/node/-/node-7.10.3.tgz",
      "integrity": "sha512-HeyK+csRk7Khhg9krpMGJeT9pLzjsmiJFHYRzYpPv/dQ5tPclQsbvceiX/HKynRt/9lMLorWUYTbBHC3hRI4sg=="
    },
    "broadlinkjs": {
      "version": "0.1.0",
      "resolved": "https://registry.npmjs.org/broadlinkjs/-/broadlinkjs-0.1.0.tgz",
      "integrity": "sha1-S0FLJx6ia21WdSRgYaAbmLFup/I=",
      "requires": {
        "@types/node": "7.10.3"
      }
    }
  }
}
